
Microsoft Visual Studio Solution File, Format Version 12.00
# Visual Studio Version 17
VisualStudioVersion = 17.0.31903.59
MinimumVisualStudioVersion = 10.0.40219.1
Project("{2150E333-8FDC-42A3-9474-1A3956D46DE8}") = "src", "src", "{746111D7-1F20-4F0B-A904-E1B265185F62}"
EndProject
Project("{FAE04EC0-301F-11D3-BF4B-00C04F79EFBC}") = "Core", "src\Core\Core.csproj", "{0F037325-FD6C-4299-87FF-AEE8AF420F22}"
EndProject
Project("{FAE04EC0-301F-11D3-BF4B-00C04F79EFBC}") = "Deprecated.OffsetBased", "src\Deprecated.OffsetBased\Deprecated.OffsetBased.csproj", "{B5C245B2-3BE1-4025-8D12-5374C1BD84C5}"
EndProject
Project("{2150E333-8FDC-42A3-9474-1A3956D46DE8}") = "tests", "tests", "{C4251316-B827-4887-9307-A6E1EB3CDF98}"
EndProject
Project("{FAE04EC0-301F-11D3-BF4B-00C04F79EFBC}") = "OffsetBased.Tests", "tests\OffsetBased.Tests\OffsetBased.Tests.csproj", "{4BEB0C2B-AC7A-4E7D-8177-F218CC24F027}"
EndProject
Project("{2150E333-8FDC-42A3-9474-1A3956D46DE8}") = "samples", "samples", "{F683D399-FC0E-40DF-949D-09A48ACC51CE}"
EndProject
Project("{FAE04EC0-301F-11D3-BF4B-00C04F79EFBC}") = "DirectImplementation", "samples\DirectImplementation\DirectImplementation.csproj", "{A23F9745-47A4-495D-853B-109761137E09}"
EndProject
Project("{FAE04EC0-301F-11D3-BF4B-00C04F79EFBC}") = "ViaBuilder", "samples\ViaBuilder\ViaBuilder.csproj", "{1E49929A-3ACF-420C-BF46-EB7BC1210112}"
EndProject
Project("{FAE04EC0-301F-11D3-BF4B-00C04F79EFBC}") = "Sequential", "src\Sequential\Sequential.csproj", "{B2877A5C-4712-4B4D-9676-6C46978595AA}"
EndProject
Project("{FAE04EC0-301F-11D3-BF4B-00C04F79EFBC}") = "CursorBased", "src\CursorBased\CursorBased.csproj", "{203CD19D-0F4D-4AF0-A73E-3B5997060F31}"
EndProject
Project("{FAE04EC0-301F-11D3-BF4B-00C04F79EFBC}") = "TwitchPagination", "samples\TwitchPagination\TwitchPagination.csproj", "{77CC1871-F4C1-4EB9-96E7-A76791E5C47E}"
EndProject
Project("{FAE04EC0-301F-11D3-BF4B-00C04F79EFBC}") = "SpotifyPagination", "samples\SpotifyPagination\SpotifyPagination.csproj", "{1F310293-A404-4D76-A535-88DB5BA6B8DF}"
EndProject
Project("{FAE04EC0-301F-11D3-BF4B-00C04F79EFBC}") = "OffsetBased", "src\OffsetBased\OffsetBased.csproj", "{622B83A9-FC72-4830-9A64-0BF0811F3072}"
EndProject
Project("{FAE04EC0-301F-11D3-BF4B-00C04F79EFBC}") = "EFCorePagination", "samples\EFCorePagination\EFCorePagination.csproj", "{EBA25D43-C534-4052-A27C-B417D9DC52DB}"
EndProject
Global
	GlobalSection(SolutionConfigurationPlatforms) = preSolution
		Debug|Any CPU = Debug|Any CPU
		Release|Any CPU = Release|Any CPU
	EndGlobalSection
	GlobalSection(SolutionProperties) = preSolution
		HideSolutionNode = FALSE
	EndGlobalSection
	GlobalSection(ProjectConfigurationPlatforms) = postSolution
		{0F037325-FD6C-4299-87FF-AEE8AF420F22}.Debug|Any CPU.ActiveCfg = Debug|Any CPU
		{0F037325-FD6C-4299-87FF-AEE8AF420F22}.Debug|Any CPU.Build.0 = Debug|Any CPU
		{0F037325-FD6C-4299-87FF-AEE8AF420F22}.Release|Any CPU.ActiveCfg = Release|Any CPU
		{0F037325-FD6C-4299-87FF-AEE8AF420F22}.Release|Any CPU.Build.0 = Release|Any CPU
		{B5C245B2-3BE1-4025-8D12-5374C1BD84C5}.Debug|Any CPU.ActiveCfg = Debug|Any CPU
		{B5C245B2-3BE1-4025-8D12-5374C1BD84C5}.Debug|Any CPU.Build.0 = Debug|Any CPU
		{B5C245B2-3BE1-4025-8D12-5374C1BD84C5}.Release|Any CPU.ActiveCfg = Release|Any CPU
		{B5C245B2-3BE1-4025-8D12-5374C1BD84C5}.Release|Any CPU.Build.0 = Release|Any CPU
		{4BEB0C2B-AC7A-4E7D-8177-F218CC24F027}.Debug|Any CPU.ActiveCfg = Debug|Any CPU
		{4BEB0C2B-AC7A-4E7D-8177-F218CC24F027}.Debug|Any CPU.Build.0 = Debug|Any CPU
		{4BEB0C2B-AC7A-4E7D-8177-F218CC24F027}.Release|Any CPU.ActiveCfg = Release|Any CPU
		{4BEB0C2B-AC7A-4E7D-8177-F218CC24F027}.Release|Any CPU.Build.0 = Release|Any CPU
		{A23F9745-47A4-495D-853B-109761137E09}.Debug|Any CPU.ActiveCfg = Debug|Any CPU
		{A23F9745-47A4-495D-853B-109761137E09}.Debug|Any CPU.Build.0 = Debug|Any CPU
		{A23F9745-47A4-495D-853B-109761137E09}.Release|Any CPU.ActiveCfg = Release|Any CPU
		{A23F9745-47A4-495D-853B-109761137E09}.Release|Any CPU.Build.0 = Release|Any CPU
		{1E49929A-3ACF-420C-BF46-EB7BC1210112}.Debug|Any CPU.ActiveCfg = Debug|Any CPU
		{1E49929A-3ACF-420C-BF46-EB7BC1210112}.Debug|Any CPU.Build.0 = Debug|Any CPU
		{1E49929A-3ACF-420C-BF46-EB7BC1210112}.Release|Any CPU.ActiveCfg = Release|Any CPU
		{1E49929A-3ACF-420C-BF46-EB7BC1210112}.Release|Any CPU.Build.0 = Release|Any CPU
		{B2877A5C-4712-4B4D-9676-6C46978595AA}.Debug|Any CPU.ActiveCfg = Debug|Any CPU
		{B2877A5C-4712-4B4D-9676-6C46978595AA}.Debug|Any CPU.Build.0 = Debug|Any CPU
		{B2877A5C-4712-4B4D-9676-6C46978595AA}.Release|Any CPU.ActiveCfg = Release|Any CPU
		{B2877A5C-4712-4B4D-9676-6C46978595AA}.Release|Any CPU.Build.0 = Release|Any CPU
		{203CD19D-0F4D-4AF0-A73E-3B5997060F31}.Debug|Any CPU.ActiveCfg = Debug|Any CPU
		{203CD19D-0F4D-4AF0-A73E-3B5997060F31}.Debug|Any CPU.Build.0 = Debug|Any CPU
		{203CD19D-0F4D-4AF0-A73E-3B5997060F31}.Release|Any CPU.ActiveCfg = Release|Any CPU
		{203CD19D-0F4D-4AF0-A73E-3B5997060F31}.Release|Any CPU.Build.0 = Release|Any CPU
		{77CC1871-F4C1-4EB9-96E7-A76791E5C47E}.Debug|Any CPU.ActiveCfg = Debug|Any CPU
		{77CC1871-F4C1-4EB9-96E7-A76791E5C47E}.Debug|Any CPU.Build.0 = Debug|Any CPU
		{77CC1871-F4C1-4EB9-96E7-A76791E5C47E}.Release|Any CPU.ActiveCfg = Release|Any CPU
		{77CC1871-F4C1-4EB9-96E7-A76791E5C47E}.Release|Any CPU.Build.0 = Release|Any CPU
		{1F310293-A404-4D76-A535-88DB5BA6B8DF}.Debug|Any CPU.ActiveCfg = Debug|Any CPU
		{1F310293-A404-4D76-A535-88DB5BA6B8DF}.Debug|Any CPU.Build.0 = Debug|Any CPU
		{1F310293-A404-4D76-A535-88DB5BA6B8DF}.Release|Any CPU.ActiveCfg = Release|Any CPU
		{1F310293-A404-4D76-A535-88DB5BA6B8DF}.Release|Any CPU.Build.0 = Release|Any CPU
		{622B83A9-FC72-4830-9A64-0BF0811F3072}.Debug|Any CPU.ActiveCfg = Debug|Any CPU
		{622B83A9-FC72-4830-9A64-0BF0811F3072}.Debug|Any CPU.Build.0 = Debug|Any CPU
		{622B83A9-FC72-4830-9A64-0BF0811F3072}.Release|Any CPU.ActiveCfg = Release|Any CPU
		{622B83A9-FC72-4830-9A64-0BF0811F3072}.Release|Any CPU.Build.0 = Release|Any CPU
		{EBA25D43-C534-4052-A27C-B417D9DC52DB}.Debug|Any CPU.ActiveCfg = Debug|Any CPU
		{EBA25D43-C534-4052-A27C-B417D9DC52DB}.Debug|Any CPU.Build.0 = Debug|Any CPU
		{EBA25D43-C534-4052-A27C-B417D9DC52DB}.Release|Any CPU.ActiveCfg = Release|Any CPU
		{EBA25D43-C534-4052-A27C-B417D9DC52DB}.Release|Any CPU.Build.0 = Release|Any CPU
	EndGlobalSection
	GlobalSection(NestedProjects) = preSolution
		{0F037325-FD6C-4299-87FF-AEE8AF420F22} = {746111D7-1F20-4F0B-A904-E1B265185F62}
		{B5C245B2-3BE1-4025-8D12-5374C1BD84C5} = {746111D7-1F20-4F0B-A904-E1B265185F62}
		{4BEB0C2B-AC7A-4E7D-8177-F218CC24F027} = {C4251316-B827-4887-9307-A6E1EB3CDF98}
		{A23F9745-47A4-495D-853B-109761137E09} = {F683D399-FC0E-40DF-949D-09A48ACC51CE}
		{1E49929A-3ACF-420C-BF46-EB7BC1210112} = {F683D399-FC0E-40DF-949D-09A48ACC51CE}
		{B2877A5C-4712-4B4D-9676-6C46978595AA} = {746111D7-1F20-4F0B-A904-E1B265185F62}
		{203CD19D-0F4D-4AF0-A73E-3B5997060F31} = {746111D7-1F20-4F0B-A904-E1B265185F62}
		{77CC1871-F4C1-4EB9-96E7-A76791E5C47E} = {F683D399-FC0E-40DF-949D-09A48ACC51CE}
		{1F310293-A404-4D76-A535-88DB5BA6B8DF} = {F683D399-FC0E-40DF-949D-09A48ACC51CE}
		{622B83A9-FC72-4830-9A64-0BF0811F3072} = {746111D7-1F20-4F0B-A904-E1B265185F62}
		{EBA25D43-C534-4052-A27C-B417D9DC52DB} = {F683D399-FC0E-40DF-949D-09A48ACC51CE}
	EndGlobalSection
EndGlobal
